// !$*UTF8*$!
{
	archiveVersion = 1;
	classes = {
	};
	objectVersion = 56;
	objects = {

/* Begin PBXBuildFile section */
		3D0AA9EA2A04ABAA00F4A863 /* PdfModel.swift in Sources */ = {isa = PBXBuildFile; fileRef = 3D0AA9E92A04ABAA00F4A863 /* PdfModel.swift */; };
		3D0AA9EC2A05249500F4A863 /* PDFDocument+QuizExtraction.swift in Sources */ = {isa = PBXBuildFile; fileRef = 3D0AA9EB2A05249500F4A863 /* PDFDocument+QuizExtraction.swift */; };
		3D0AA9EE2A05268B00F4A863 /* ExtractedBlankQuizReviewView.swift in Sources */ = {isa = PBXBuildFile; fileRef = 3D0AA9ED2A05268B00F4A863 /* ExtractedBlankQuizReviewView.swift */; };
		3D0FFC0229D81D6700ED499D /* ChatudyApp.swift in Sources */ = {isa = PBXBuildFile; fileRef = 3D0FFC0129D81D6700ED499D /* ChatudyApp.swift */; };
		3D0FFC0429D81D6700ED499D /* ContentView.swift in Sources */ = {isa = PBXBuildFile; fileRef = 3D0FFC0329D81D6700ED499D /* ContentView.swift */; };
		3D0FFC0629D81D6800ED499D /* Assets.xcassets in Resources */ = {isa = PBXBuildFile; fileRef = 3D0FFC0529D81D6800ED499D /* Assets.xcassets */; };
		3D0FFC0929D81D6800ED499D /* Preview Assets.xcassets in Resources */ = {isa = PBXBuildFile; fileRef = 3D0FFC0829D81D6800ED499D /* Preview Assets.xcassets */; };
		3D0FFC1D29D8380600ED499D /* ChatTabView.swift in Sources */ = {isa = PBXBuildFile; fileRef = 3D0FFC1929D8380500ED499D /* ChatTabView.swift */; };
		3D0FFC1E29D8380600ED499D /* ReviecedMessageView.swift in Sources */ = {isa = PBXBuildFile; fileRef = 3D0FFC1B29D8380600ED499D /* ReviecedMessageView.swift */; };
		3D0FFC1F29D8380600ED499D /* SentMessageView.swift in Sources */ = {isa = PBXBuildFile; fileRef = 3D0FFC1C29D8380600ED499D /* SentMessageView.swift */; };
		3D0FFC2029D8380600ED499D /* QAView.swift in Sources */ = {isa = PBXBuildFile; fileRef = 3D0FFC1829D8380500ED499D /* QAView.swift */; };
		3D0FFC2529D8381000ED499D /* ResourceTabView.swift in Sources */ = {isa = PBXBuildFile; fileRef = 3D0FFC2429D8381000ED499D /* ResourceTabView.swift */; };
		3D0FFC2729D8381400ED499D /* SettingsTabView.swift in Sources */ = {isa = PBXBuildFile; fileRef = 3D0FFC2629D8381400ED499D /* SettingsTabView.swift */; };
		3D0FFC2929D8381700ED499D /* StatisticsTabView.swift in Sources */ = {isa = PBXBuildFile; fileRef = 3D0FFC2829D8381700ED499D /* StatisticsTabView.swift */; };
		3D0FFC2B29D8382A00ED499D /* OpenAiModel.swift in Sources */ = {isa = PBXBuildFile; fileRef = 3D0FFC2A29D8382A00ED499D /* OpenAiModel.swift */; };
		3D0FFC2E29D8386C00ED499D /* OpenAISwift in Frameworks */ = {isa = PBXBuildFile; productRef = 3D0FFC2D29D8386C00ED499D /* OpenAISwift */; };
		3D0FFC3429D8394C00ED499D /* CustomTabView.swift in Sources */ = {isa = PBXBuildFile; fileRef = 3D0FFC3329D8394C00ED499D /* CustomTabView.swift */; };
		3DF2D72A29E1A8F600D00DE5 /* PDFViewer.swift in Sources */ = {isa = PBXBuildFile; fileRef = 3DF2D72929E1A8F600D00DE5 /* PDFViewer.swift */; };
		3DF2D73029E1AFF400D00DE5 /* example.pdf in Resources */ = {isa = PBXBuildFile; fileRef = 3DF2D72E29E1AC5900D00DE5 /* example.pdf */; };
/* End PBXBuildFile section */

/* Begin PBXFileReference section */
		3D0AA9E92A04ABAA00F4A863 /* PdfModel.swift */ = {isa = PBXFileReference; lastKnownFileType = sourcecode.swift; path = PdfModel.swift; sourceTree = "<group>"; };
		3D0AA9EB2A05249500F4A863 /* PDFDocument+QuizExtraction.swift */ = {isa = PBXFileReference; lastKnownFileType = sourcecode.swift; path = "PDFDocument+QuizExtraction.swift"; sourceTree = "<group>"; };
		3D0AA9ED2A05268B00F4A863 /* ExtractedBlankQuizReviewView.swift */ = {isa = PBXFileReference; lastKnownFileType = sourcecode.swift; path = ExtractedBlankQuizReviewView.swift; sourceTree = "<group>"; };
		3D0FFBFE29D81D6700ED499D /* Chatudy.app */ = {isa = PBXFileReference; explicitFileType = wrapper.application; includeInIndex = 0; path = Chatudy.app; sourceTree = BUILT_PRODUCTS_DIR; };
		3D0FFC0129D81D6700ED499D /* ChatudyApp.swift */ = {isa = PBXFileReference; lastKnownFileType = sourcecode.swift; path = ChatudyApp.swift; sourceTree = "<group>"; };
		3D0FFC0329D81D6700ED499D /* ContentView.swift */ = {isa = PBXFileReference; lastKnownFileType = sourcecode.swift; path = ContentView.swift; sourceTree = "<group>"; };
		3D0FFC0529D81D6800ED499D /* Assets.xcassets */ = {isa = PBXFileReference; lastKnownFileType = folder.assetcatalog; path = Assets.xcassets; sourceTree = "<group>"; };
		3D0FFC0829D81D6800ED499D /* Preview Assets.xcassets */ = {isa = PBXFileReference; lastKnownFileType = folder.assetcatalog; path = "Preview Assets.xcassets"; sourceTree = "<group>"; };
		3D0FFC1829D8380500ED499D /* QAView.swift */ = {isa = PBXFileReference; lastKnownFileType = sourcecode.swift; path = QAView.swift; sourceTree = "<group>"; };
		3D0FFC1929D8380500ED499D /* ChatTabView.swift */ = {isa = PBXFileReference; lastKnownFileType = sourcecode.swift; path = ChatTabView.swift; sourceTree = "<group>"; };
		3D0FFC1B29D8380600ED499D /* ReviecedMessageView.swift */ = {isa = PBXFileReference; lastKnownFileType = sourcecode.swift; path = ReviecedMessageView.swift; sourceTree = "<group>"; };
		3D0FFC1C29D8380600ED499D /* SentMessageView.swift */ = {isa = PBXFileReference; lastKnownFileType = sourcecode.swift; path = SentMessageView.swift; sourceTree = "<group>"; };
		3D0FFC2429D8381000ED499D /* ResourceTabView.swift */ = {isa = PBXFileReference; lastKnownFileType = sourcecode.swift; path = ResourceTabView.swift; sourceTree = "<group>"; };
		3D0FFC2629D8381400ED499D /* SettingsTabView.swift */ = {isa = PBXFileReference; lastKnownFileType = sourcecode.swift; path = SettingsTabView.swift; sourceTree = "<group>"; };
		3D0FFC2829D8381700ED499D /* StatisticsTabView.swift */ = {isa = PBXFileReference; lastKnownFileType = sourcecode.swift; path = StatisticsTabView.swift; sourceTree = "<group>"; };
		3D0FFC2A29D8382A00ED499D /* OpenAiModel.swift */ = {isa = PBXFileReference; lastKnownFileType = sourcecode.swift; path = OpenAiModel.swift; sourceTree = "<group>"; };
		3D0FFC3329D8394C00ED499D /* CustomTabView.swift */ = {isa = PBXFileReference; lastKnownFileType = sourcecode.swift; path = CustomTabView.swift; sourceTree = "<group>"; };
		3DF2D72929E1A8F600D00DE5 /* PDFViewer.swift */ = {isa = PBXFileReference; lastKnownFileType = sourcecode.swift; path = PDFViewer.swift; sourceTree = "<group>"; };
		3DF2D72E29E1AC5900D00DE5 /* example.pdf */ = {isa = PBXFileReference; lastKnownFileType = image.pdf; path = example.pdf; sourceTree = "<group>"; };
/* End PBXFileReference section */

/* Begin PBXFrameworksBuildPhase section */
		3D0FFBFB29D81D6700ED499D /* Frameworks */ = {
			isa = PBXFrameworksBuildPhase;
			buildActionMask = 2147483647;
			files = (
				3D0FFC2E29D8386C00ED499D /* OpenAISwift in Frameworks */,
			);
			runOnlyForDeploymentPostprocessing = 0;
		};
/* End PBXFrameworksBuildPhase section */

/* Begin PBXGroup section */
		3D0FFBF529D81D6700ED499D = {
			isa = PBXGroup;
			children = (
				3D0FFC0029D81D6700ED499D /* Chatudy */,
				3D0FFBFF29D81D6700ED499D /* Products */,
			);
			sourceTree = "<group>";
		};
		3D0FFBFF29D81D6700ED499D /* Products */ = {
			isa = PBXGroup;
			children = (
				3D0FFBFE29D81D6700ED499D /* Chatudy.app */,
			);
			name = Products;
			sourceTree = "<group>";
		};
		3D0FFC0029D81D6700ED499D /* Chatudy */ = {
			isa = PBXGroup;
			children = (
				3DF2D72D29E1AC3800D00DE5 /* pdfResources */,
				3D0FFC3629D8396600ED499D /* TabView */,
				3D0FFC0129D81D6700ED499D /* ChatudyApp.swift */,
				3D0AA9ED2A05268B00F4A863 /* ExtractedBlankQuizReviewView.swift */,
				3D0AA9E92A04ABAA00F4A863 /* PdfModel.swift */,
				3D0AA9EB2A05249500F4A863 /* PDFDocument+QuizExtraction.swift */,
				3D0FFC0329D81D6700ED499D /* ContentView.swift */,
				3D0FFC1B29D8380600ED499D /* ReviecedMessageView.swift */,
				3DF2D72929E1A8F600D00DE5 /* PDFViewer.swift */,
				3D0FFC1829D8380500ED499D /* QAView.swift */,
				3D0FFC1C29D8380600ED499D /* SentMessageView.swift */,
				3D0FFC2A29D8382A00ED499D /* OpenAiModel.swift */,
				3D0FFC0529D81D6800ED499D /* Assets.xcassets */,
				3D0FFC0729D81D6800ED499D /* Preview Content */,
			);
			path = Chatudy;
			sourceTree = "<group>";
		};
		3D0FFC0729D81D6800ED499D /* Preview Content */ = {
			isa = PBXGroup;
			children = (
				3D0FFC0829D81D6800ED499D /* Preview Assets.xcassets */,
			);
			path = "Preview Content";
			sourceTree = "<group>";
		};
		3D0FFC2F29D838D000ED499D /* ResourceTab */ = {
			isa = PBXGroup;
			children = (
				3D0FFC2429D8381000ED499D /* ResourceTabView.swift */,
			);
			path = ResourceTab;
			sourceTree = "<group>";
		};
		3D0FFC3029D838E700ED499D /* SettingsTab */ = {
			isa = PBXGroup;
			children = (
				3D0FFC2629D8381400ED499D /* SettingsTabView.swift */,
			);
			path = SettingsTab;
			sourceTree = "<group>";
		};
		3D0FFC3129D838EE00ED499D /* StatisticsTab */ = {
			isa = PBXGroup;
			children = (
				3D0FFC2829D8381700ED499D /* StatisticsTabView.swift */,
			);
			path = StatisticsTab;
			sourceTree = "<group>";
		};
		3D0FFC3229D8390300ED499D /* ChatTab */ = {
			isa = PBXGroup;
			children = (
				3D0FFC1929D8380500ED499D /* ChatTabView.swift */,
			);
			path = ChatTab;
			sourceTree = "<group>";
		};
		3D0FFC3529D8395800ED499D /* CustomTab */ = {
			isa = PBXGroup;
			children = (
				3D0FFC3329D8394C00ED499D /* CustomTabView.swift */,
			);
			path = CustomTab;
			sourceTree = "<group>";
		};
		3D0FFC3629D8396600ED499D /* TabView */ = {
			isa = PBXGroup;
			children = (
				3D0FFC3529D8395800ED499D /* CustomTab */,
				3D0FFC3229D8390300ED499D /* ChatTab */,
				3D0FFC2F29D838D000ED499D /* ResourceTab */,
				3D0FFC3029D838E700ED499D /* SettingsTab */,
				3D0FFC3129D838EE00ED499D /* StatisticsTab */,
			);
			path = TabView;
			sourceTree = "<group>";
		};
		3DF2D72D29E1AC3800D00DE5 /* pdfResources */ = {
			isa = PBXGroup;
			children = (
				3DF2D72E29E1AC5900D00DE5 /* example.pdf */,
			);
			path = pdfResources;
			sourceTree = "<group>";
		};
/* End PBXGroup section */

/* Begin PBXNativeTarget section */
		3D0FFBFD29D81D6700ED499D /* Chatudy */ = {
			isa = PBXNativeTarget;
			buildConfigurationList = 3D0FFC0C29D81D6800ED499D /* Build configuration list for PBXNativeTarget "Chatudy" */;
			buildPhases = (
				3D0FFBFA29D81D6700ED499D /* Sources */,
				3D0FFBFB29D81D6700ED499D /* Frameworks */,
				3D0FFBFC29D81D6700ED499D /* Resources */,
			);
			buildRules = (
			);
			dependencies = (
			);
			name = Chatudy;
			packageProductDependencies = (
				3D0FFC2D29D8386C00ED499D /* OpenAISwift */,
			);
			productName = Chatudy;
			productReference = 3D0FFBFE29D81D6700ED499D /* Chatudy.app */;
			productType = "com.apple.product-type.application";
		};
/* End PBXNativeTarget section */

/* Begin PBXProject section */
		3D0FFBF629D81D6700ED499D /* Project object */ = {
			isa = PBXProject;
			attributes = {
				BuildIndependentTargetsInParallel = 1;
				LastSwiftUpdateCheck = 1430;
				LastUpgradeCheck = 1430;
				TargetAttributes = {
					3D0FFBFD29D81D6700ED499D = {
						CreatedOnToolsVersion = 14.3;
					};
				};
			};
			buildConfigurationList = 3D0FFBF929D81D6700ED499D /* Build configuration list for PBXProject "Chatudy" */;
			compatibilityVersion = "Xcode 14.0";
			developmentRegion = en;
			hasScannedForEncodings = 0;
			knownRegions = (
				en,
				Base,
			);
			mainGroup = 3D0FFBF529D81D6700ED499D;
			packageReferences = (
				3D0FFC2C29D8386C00ED499D /* XCRemoteSwiftPackageReference "OpenAISwift" */,
			);
			productRefGroup = 3D0FFBFF29D81D6700ED499D /* Products */;
			projectDirPath = "";
			projectRoot = "";
			targets = (
				3D0FFBFD29D81D6700ED499D /* Chatudy */,
			);
		};
/* End PBXProject section */

/* Begin PBXResourcesBuildPhase section */
		3D0FFBFC29D81D6700ED499D /* Resources */ = {
			isa = PBXResourcesBuildPhase;
			buildActionMask = 2147483647;
			files = (
				3DF2D73029E1AFF400D00DE5 /* example.pdf in Resources */,
				3D0FFC0929D81D6800ED499D /* Preview Assets.xcassets in Resources */,
				3D0FFC0629D81D6800ED499D /* Assets.xcassets in Resources */,
			);
			runOnlyForDeploymentPostprocessing = 0;
		};
/* End PBXResourcesBuildPhase section */

/* Begin PBXSourcesBuildPhase section */
		3D0FFBFA29D81D6700ED499D /* Sources */ = {
			isa = PBXSourcesBuildPhase;
			buildActionMask = 2147483647;
			files = (
				3D0AA9EA2A04ABAA00F4A863 /* PdfModel.swift in Sources */,
				3D0FFC2529D8381000ED499D /* ResourceTabView.swift in Sources */,
				3D0FFC2029D8380600ED499D /* QAView.swift in Sources */,
				3D0FFC1F29D8380600ED499D /* SentMessageView.swift in Sources */,
				3D0FFC3429D8394C00ED499D /* CustomTabView.swift in Sources */,
				3D0FFC0429D81D6700ED499D /* ContentView.swift in Sources */,
				3D0FFC2729D8381400ED499D /* SettingsTabView.swift in Sources */,
				3D0FFC1E29D8380600ED499D /* ReviecedMessageView.swift in Sources */,
				3D0FFC1D29D8380600ED499D /* ChatTabView.swift in Sources */,
				3D0FFC0229D81D6700ED499D /* ChatudyApp.swift in Sources */,
				3D0AA9EE2A05268B00F4A863 /* ExtractedBlankQuizReviewView.swift in Sources */,
				3D0FFC2B29D8382A00ED499D /* OpenAiModel.swift in Sources */,
				3D0AA9EC2A05249500F4A863 /* PDFDocument+QuizExtraction.swift in Sources */,
				3DF2D72A29E1A8F600D00DE5 /* PDFViewer.swift in Sources */,
				3D0FFC2929D8381700ED499D /* StatisticsTabView.swift in Sources */,
			);
			runOnlyForDeploymentPostprocessing = 0;
		};
/* End PBXSourcesBuildPhase section */

/* Begin XCBuildConfiguration section */
		3D0FFC0A29D81D6800ED499D /* Debug */ = {
			isa = XCBuildConfiguration;
			buildSettings = {
				ALWAYS_SEARCH_USER_PATHS = NO;
				CLANG_ANALYZER_NONNULL = YES;
				CLANG_ANALYZER_NUMBER_OBJECT_CONVERSION = YES_AGGRESSIVE;
				CLANG_CXX_LANGUAGE_STANDARD = "gnu++20";
				CLANG_ENABLE_MODULES = YES;
				CLANG_ENABLE_OBJC_ARC = YES;
				CLANG_ENABLE_OBJC_WEAK = YES;
				CLANG_WARN_BLOCK_CAPTURE_AUTORELEASING = YES;
				CLANG_WARN_BOOL_CONVERSION = YES;
				CLANG_WARN_COMMA = YES;
				CLANG_WARN_CONSTANT_CONVERSION = YES;
				CLANG_WARN_DEPRECATED_OBJC_IMPLEMENTATIONS = YES;
				CLANG_WARN_DIRECT_OBJC_ISA_USAGE = YES_ERROR;
				CLANG_WARN_DOCUMENTATION_COMMENTS = YES;
				CLANG_WARN_EMPTY_BODY = YES;
				CLANG_WARN_ENUM_CONVERSION = YES;
				CLANG_WARN_INFINITE_RECURSION = YES;
				CLANG_WARN_INT_CONVERSION = YES;
				CLANG_WARN_NON_LITERAL_NULL_CONVERSION = YES;
				CLANG_WARN_OBJC_IMPLICIT_RETAIN_SELF = YES;
				CLANG_WARN_OBJC_LITERAL_CONVERSION = YES;
				CLANG_WARN_OBJC_ROOT_CLASS = YES_ERROR;
				CLANG_WARN_QUOTED_INCLUDE_IN_FRAMEWORK_HEADER = YES;
				CLANG_WARN_RANGE_LOOP_ANALYSIS = YES;
				CLANG_WARN_STRICT_PROTOTYPES = YES;
				CLANG_WARN_SUSPICIOUS_MOVE = YES;
				CLANG_WARN_UNGUARDED_AVAILABILITY = YES_AGGRESSIVE;
				CLANG_WARN_UNREACHABLE_CODE = YES;
				CLANG_WARN__DUPLICATE_METHOD_MATCH = YES;
				COPY_PHASE_STRIP = NO;
				DEBUG_INFORMATION_FORMAT = dwarf;
				ENABLE_STRICT_OBJC_MSGSEND = YES;
				ENABLE_TESTABILITY = YES;
				GCC_C_LANGUAGE_STANDARD = gnu11;
				GCC_DYNAMIC_NO_PIC = NO;
				GCC_NO_COMMON_BLOCKS = YES;
				GCC_OPTIMIZATION_LEVEL = 0;
				GCC_PREPROCESSOR_DEFINITIONS = (
					"DEBUG=1",
					"$(inherited)",
				);
				GCC_WARN_64_TO_32_BIT_CONVERSION = YES;
				GCC_WARN_ABOUT_RETURN_TYPE = YES_ERROR;
				GCC_WARN_UNDECLARED_SELECTOR = YES;
				GCC_WARN_UNINITIALIZED_AUTOS = YES_AGGRESSIVE;
				GCC_WARN_UNUSED_FUNCTION = YES;
				GCC_WARN_UNUSED_VARIABLE = YES;
				IPHONEOS_DEPLOYMENT_TARGET = 16.4;
				MTL_ENABLE_DEBUG_INFO = INCLUDE_SOURCE;
				MTL_FAST_MATH = YES;
				ONLY_ACTIVE_ARCH = YES;
				SDKROOT = iphoneos;
				SWIFT_ACTIVE_COMPILATION_CONDITIONS = DEBUG;
				SWIFT_OPTIMIZATION_LEVEL = "-Onone";
			};
			name = Debug;
		};
		3D0FFC0B29D81D6800ED499D /* Release */ = {
			isa = XCBuildConfiguration;
			buildSettings = {
				ALWAYS_SEARCH_USER_PATHS = NO;
				CLANG_ANALYZER_NONNULL = YES;
				CLANG_ANALYZER_NUMBER_OBJECT_CONVERSION = YES_AGGRESSIVE;
				CLANG_CXX_LANGUAGE_STANDARD = "gnu++20";
				CLANG_ENABLE_MODULES = YES;
				CLANG_ENABLE_OBJC_ARC = YES;
				CLANG_ENABLE_OBJC_WEAK = YES;
				CLANG_WARN_BLOCK_CAPTURE_AUTORELEASING = YES;
				CLANG_WARN_BOOL_CONVERSION = YES;
				CLANG_WARN_COMMA = YES;
				CLANG_WARN_CONSTANT_CONVERSION = YES;
				CLANG_WARN_DEPRECATED_OBJC_IMPLEMENTATIONS = YES;
				CLANG_WARN_DIRECT_OBJC_ISA_USAGE = YES_ERROR;
				CLANG_WARN_DOCUMENTATION_COMMENTS = YES;
				CLANG_WARN_EMPTY_BODY = YES;
				CLANG_WARN_ENUM_CONVERSION = YES;
				CLANG_WARN_INFINITE_RECURSION = YES;
				CLANG_WARN_INT_CONVERSION = YES;
				CLANG_WARN_NON_LITERAL_NULL_CONVERSION = YES;
				CLANG_WARN_OBJC_IMPLICIT_RETAIN_SELF = YES;
				CLANG_WARN_OBJC_LITERAL_CONVERSION = YES;
				CLANG_WARN_OBJC_ROOT_CLASS = YES_ERROR;
				CLANG_WARN_QUOTED_INCLUDE_IN_FRAMEWORK_HEADER = YES;
				CLANG_WARN_RANGE_LOOP_ANALYSIS = YES;
				CLANG_WARN_STRICT_PROTOTYPES = YES;
				CLANG_WARN_SUSPICIOUS_MOVE = YES;
				CLANG_WARN_UNGUARDED_AVAILABILITY = YES_AGGRESSIVE;
				CLANG_WARN_UNREACHABLE_CODE = YES;
				CLANG_WARN__DUPLICATE_METHOD_MATCH = YES;
				COPY_PHASE_STRIP = NO;
				DEBUG_INFORMATION_FORMAT = "dwarf-with-dsym";
				ENABLE_NS_ASSERTIONS = NO;
				ENABLE_STRICT_OBJC_MSGSEND = YES;
				GCC_C_LANGUAGE_STANDARD = gnu11;
				GCC_NO_COMMON_BLOCKS = YES;
				GCC_WARN_64_TO_32_BIT_CONVERSION = YES;
				GCC_WARN_ABOUT_RETURN_TYPE = YES_ERROR;
				GCC_WARN_UNDECLARED_SELECTOR = YES;
				GCC_WARN_UNINITIALIZED_AUTOS = YES_AGGRESSIVE;
				GCC_WARN_UNUSED_FUNCTION = YES;
				GCC_WARN_UNUSED_VARIABLE = YES;
				IPHONEOS_DEPLOYMENT_TARGET = 16.4;
				MTL_ENABLE_DEBUG_INFO = NO;
				MTL_FAST_MATH = YES;
				SDKROOT = iphoneos;
				SWIFT_COMPILATION_MODE = wholemodule;
				SWIFT_OPTIMIZATION_LEVEL = "-O";
				VALIDATE_PRODUCT = YES;
			};
			name = Release;
		};
		3D0FFC0D29D81D6800ED499D /* Debug */ = {
			isa = XCBuildConfiguration;
			buildSettings = {
				ASSETCATALOG_COMPILER_APPICON_NAME = AppIcon;
				ASSETCATALOG_COMPILER_GLOBAL_ACCENT_COLOR_NAME = AccentColor;
				CODE_SIGN_STYLE = Automatic;
				CURRENT_PROJECT_VERSION = 1;
				DEVELOPMENT_ASSET_PATHS = "\"Chatudy/Preview Content\"";
				DEVELOPMENT_TEAM = 9KPHTM749M;
				ENABLE_PREVIEWS = YES;
				GENERATE_INFOPLIST_FILE = YES;
				INFOPLIST_KEY_UIApplicationSceneManifest_Generation = YES;
				INFOPLIST_KEY_UIApplicationSupportsIndirectInputEvents = YES;
				INFOPLIST_KEY_UILaunchScreen_Generation = YES;
				INFOPLIST_KEY_UISupportedInterfaceOrientations_iPad = "UIInterfaceOrientationPortrait UIInterfaceOrientationPortraitUpsideDown UIInterfaceOrientationLandscapeLeft UIInterfaceOrientationLandscapeRight";
				INFOPLIST_KEY_UISupportedInterfaceOrientations_iPhone = "UIInterfaceOrientationPortrait UIInterfaceOrientationLandscapeLeft UIInterfaceOrientationLandscapeRight";
				LD_RUNPATH_SEARCH_PATHS = (
					"$(inherited)",
					"@executable_path/Frameworks",
				);
				MARKETING_VERSION = 1.0;
				PRODUCT_BUNDLE_IDENTIFIER = com.bzbzkang.Chatudy;
				PRODUCT_NAME = "$(TARGET_NAME)";
				SWIFT_EMIT_LOC_STRINGS = YES;
				SWIFT_VERSION = 5.0;
				TARGETED_DEVICE_FAMILY = "1,2";
			};
			name = Debug;
		};
		3D0FFC0E29D81D6800ED499D /* Release */ = {
			isa = XCBuildConfiguration;
			buildSettings = {
				ASSETCATALOG_COMPILER_APPICON_NAME = AppIcon;
				ASSETCATALOG_COMPILER_GLOBAL_ACCENT_COLOR_NAME = AccentColor;
				CODE_SIGN_STYLE = Automatic;
				CURRENT_PROJECT_VERSION = 1;
				DEVELOPMENT_ASSET_PATHS = "\"Chatudy/Preview Content\"";
				DEVELOPMENT_TEAM = 9KPHTM749M;
				ENABLE_PREVIEWS = YES;
				GENERATE_INFOPLIST_FILE = YES;
				INFOPLIST_KEY_UIApplicationSceneManifest_Generation = YES;
				INFOPLIST_KEY_UIApplicationSupportsIndirectInputEvents = YES;
				INFOPLIST_KEY_UILaunchScreen_Generation = YES;
				INFOPLIST_KEY_UISupportedInterfaceOrientations_iPad = "UIInterfaceOrientationPortrait UIInterfaceOrientationPortraitUpsideDown UIInterfaceOrientationLandscapeLeft UIInterfaceOrientationLandscapeRight";
				INFOPLIST_KEY_UISupportedInterfaceOrientations_iPhone = "UIInterfaceOrientationPortrait UIInterfaceOrientationLandscapeLeft UIInterfaceOrientationLandscapeRight";
				LD_RUNPATH_SEARCH_PATHS = (
					"$(inherited)",
					"@executable_path/Frameworks",
				);
				MARKETING_VERSION = 1.0;
				PRODUCT_BUNDLE_IDENTIFIER = com.bzbzkang.Chatudy;
				PRODUCT_NAME = "$(TARGET_NAME)";
				SWIFT_EMIT_LOC_STRINGS = YES;
				SWIFT_VERSION = 5.0;
				TARGETED_DEVICE_FAMILY = "1,2";
			};
			name = Release;
		};
/* End XCBuildConfiguration section */

/* Begin XCConfigurationList section */
		3D0FFBF929D81D6700ED499D /* Build configuration list for PBXProject "Chatudy" */ = {
			isa = XCConfigurationList;
			buildConfigurations = (
				3D0FFC0A29D81D6800ED499D /* Debug */,
				3D0FFC0B29D81D6800ED499D /* Release */,
			);
			defaultConfigurationIsVisible = 0;
			defaultConfigurationName = Release;
		};
		3D0FFC0C29D81D6800ED499D /* Build configuration list for PBXNativeTarget "Chatudy" */ = {
			isa = XCConfigurationList;
			buildConfigurations = (
				3D0FFC0D29D81D6800ED499D /* Debug */,
				3D0FFC0E29D81D6800ED499D /* Release */,
			);
			defaultConfigurationIsVisible = 0;
			defaultConfigurationName = Release;
		};
/* End XCConfigurationList section */

/* Begin XCRemoteSwiftPackageReference section */
		3D0FFC2C29D8386C00ED499D /* XCRemoteSwiftPackageReference "OpenAISwift" */ = {
			isa = XCRemoteSwiftPackageReference;
			repositoryURL = "https://github.com/adamrushy/OpenAISwift";
			requirement = {
				kind = upToNextMajorVersion;
				minimumVersion = 1.0.0;
			};
		};
/* End XCRemoteSwiftPackageReference section */

/* Begin XCSwiftPackageProductDependency section */
		3D0FFC2D29D8386C00ED499D /* OpenAISwift */ = {
			isa = XCSwiftPackageProductDependency;
			package = 3D0FFC2C29D8386C00ED499D /* XCRemoteSwiftPackageReference "OpenAISwift" */;
			productName = OpenAISwift;
		};
/* End XCSwiftPackageProductDependency section */
	};
	rootObject = 3D0FFBF629D81D6700ED499D /* Project object */;
}
